lockfileVersion: '6.0'

settings:
  autoInstallPeers: true
  excludeLinksFromLockfile: false

importers:

  .:
    dependencies:
      project-a:
        specifier: ./project-a
        version: link:project-a
      project-b:
        specifier: ./project-b
        version: link:project-b

  project-a:
    dependencies:
      left-pad:
        specifier: ^1.2.0
        version: 1.2.0

  project-b:
    dependencies:
      core-js:
        specifier: ^3.31.1
        version: 3.31.1

packages:

  /core-js@3.31.1:
    resolution: {integrity: sha512-2sKLtfq1eFST7l7v62zaqXacPc7uG8ZAya8ogijLhTtaKNcpzpB4TMoTw2Si+8GYKRwFPMMtUT0263QFWFfqyQ==}
    requiresBuild: true
    dev: false

  /left-pad@1.2.0:
    resolution: {integrity: sha512-OQadpCyFCT/VLniZQgym8d3/ofIJtuZyw2ibsVeIUOexKgW/osn8+mMFJbwGMPeDC4GnLzD8q115WPCDx4YRWg==}
    deprecated: use String.prototype.padStart()
    dev: false
